// !$*UTF8*$!
{
	archiveVersion = 1;
	classes = {
	};
	objectVersion = 46;
	objects = {

/* Begin PBXBuildFile section */
		8DB008781DC0F38D009155F8 /* AppDelegate.swift in Sources */ = {isa = PBXBuildFile; fileRef = 8DB008771DC0F38D009155F8 /* AppDelegate.swift */; };
		8DB0087A1DC0F38D009155F8 /* ViewController.swift in Sources */ = {isa = PBXBuildFile; fileRef = 8DB008791DC0F38D009155F8 /* ViewController.swift */; };
		8DB0087D1DC0F38D009155F8 /* Main.storyboard in Resources */ = {isa = PBXBuildFile; fileRef = 8DB0087B1DC0F38D009155F8 /* Main.storyboard */; };
		8DB0087F1DC0F38D009155F8 /* Assets.xcassets in Resources */ = {isa = PBXBuildFile; fileRef = 8DB0087E1DC0F38D009155F8 /* Assets.xcassets */; };
		8DB008821DC0F38D009155F8 /* LaunchScreen.storyboard in Resources */ = {isa = PBXBuildFile; fileRef = 8DB008801DC0F38D009155F8 /* LaunchScreen.storyboard */; };
		8DB0088D1DC0F38D009155F8 /* DropDownMenuSwift2Tests.swift in Sources */ = {isa = PBXBuildFile; fileRef = 8DB0088C1DC0F38D009155F8 /* DropDownMenuSwift2Tests.swift */; };
		8DB008981DC0F38D009155F8 /* DropDownMenuSwift2UITests.swift in Sources */ = {isa = PBXBuildFile; fileRef = 8DB008971DC0F38D009155F8 /* DropDownMenuSwift2UITests.swift */; };
/* End PBXBuildFile section */

/* Begin PBXContainerItemProxy section */
		8DB008891DC0F38D009155F8 /* PBXContainerItemProxy */ = {
			isa = PBXContainerItemProxy;
			containerPortal = 8DB0086C1DC0F38D009155F8 /* Project object */;
			proxyType = 1;
			remoteGlobalIDString = 8DB008731DC0F38D009155F8;
			remoteInfo = DropDownMenuSwift2;
		};
		8DB008941DC0F38D009155F8 /* PBXContainerItemProxy */ = {
			isa = PBXContainerItemProxy;
			containerPortal = 8DB0086C1DC0F38D009155F8 /* Project object */;
			proxyType = 1;
			remoteGlobalIDString = 8DB008731DC0F38D009155F8;
			remoteInfo = DropDownMenuSwift2;
		};
/* End PBXContainerItemProxy section */

/* Begin PBXFileReference section */
		8DB008741DC0F38D009155F8 /* DropDownMenuSwift2.app */ = {isa = PBXFileReference; explicitFileType = wrapper.application; includeInIndex = 0; path = DropDownMenuSwift2.app; sourceTree = BUILT_PRODUCTS_DIR; };
		8DB008771DC0F38D009155F8 /* AppDelegate.swift */ = {isa = PBXFileReference; lastKnownFileType = sourcecode.swift; path = AppDelegate.swift; sourceTree = "<group>"; };
		8DB008791DC0F38D009155F8 /* ViewController.swift */ = {isa = PBXFileReference; lastKnownFileType = sourcecode.swift; path = ViewController.swift; sourceTree = "<group>"; };
		8DB0087C1DC0F38D009155F8 /* Base */ = {isa = PBXFileReference; lastKnownFileType = file.storyboard; name = Base; path = Base.lproj/Main.storyboard; sourceTree = "<group>"; };
		8DB0087E1DC0F38D009155F8 /* Assets.xcassets */ = {isa = PBXFileReference; lastKnownFileType = folder.assetcatalog; path = Assets.xcassets; sourceTree = "<group>"; };
		8DB008811DC0F38D009155F8 /* Base */ = {isa = PBXFileReference; lastKnownFileType = file.storyboard; name = Base; path = Base.lproj/LaunchScreen.storyboard; sourceTree = "<group>"; };
		8DB008831DC0F38D009155F8 /* Info.plist */ = {isa = PBXFileReference; lastKnownFileType = text.plist.xml; path = Info.plist; sourceTree = "<group>"; };
		8DB008881DC0F38D009155F8 /* DropDownMenuSwift2Tests.xctest */ = {isa = PBXFileReference; explicitFileType = wrapper.cfbundle; includeInIndex = 0; path = DropDownMenuSwift2Tests.xctest; sourceTree = BUILT_PRODUCTS_DIR; };
		8DB0088C1DC0F38D009155F8 /* DropDownMenuSwift2Tests.swift */ = {isa = PBXFileReference; lastKnownFileType = sourcecode.swift; path = DropDownMenuSwift2Tests.swift; sourceTree = "<group>"; };
		8DB0088E1DC0F38D009155F8 /* Info.plist */ = {isa = PBXFileReference; lastKnownFileType = text.plist.xml; path = Info.plist; sourceTree = "<group>"; };
		8DB008931DC0F38D009155F8 /* DropDownMenuSwift2UITests.xctest */ = {isa = PBXFileReference; explicitFileType = wrapper.cfbundle; includeInIndex = 0; path = DropDownMenuSwift2UITests.xctest; sourceTree = BUILT_PRODUCTS_DIR; };
		8DB008971DC0F38D009155F8 /* DropDownMenuSwift2UITests.swift */ = {isa = PBXFileReference; lastKnownFileType = sourcecode.swift; path = DropDownMenuSwift2UITests.swift; sourceTree = "<group>"; };
		8DB008991DC0F38D009155F8 /* Info.plist */ = {isa = PBXFileReference; lastKnownFileType = text.plist.xml; path = Info.plist; sourceTree = "<group>"; };
/* End PBXFileReference section */

/* Begin PBXFrameworksBuildPhase section */
		8DB008711DC0F38D009155F8 /* Frameworks */ = {
			isa = PBXFrameworksBuildPhase;
			buildActionMask = 2147483647;
			files = (
			);
			runOnlyForDeploymentPostprocessing = 0;
		};
		8DB008851DC0F38D009155F8 /* Frameworks */ = {
			isa = PBXFrameworksBuildPhase;
			buildActionMask = 2147483647;
			files = (
			);
			runOnlyForDeploymentPostprocessing = 0;
		};
		8DB008901DC0F38D009155F8 /* Frameworks */ = {
			isa = PBXFrameworksBuildPhase;
			buildActionMask = 2147483647;
			files = (
			);
			runOnlyForDeploymentPostprocessing = 0;
		};
/* End PBXFrameworksBuildPhase section */

/* Begin PBXGroup section */
		8DB0086B1DC0F38D009155F8 = {
			isa = PBXGroup;
			children = (
				8DB008761DC0F38D009155F8 /* DropDownMenuSwift2 */,
				8DB0088B1DC0F38D009155F8 /* DropDownMenuSwift2Tests */,
				8DB008961DC0F38D009155F8 /* DropDownMenuSwift2UITests */,
				8DB008751DC0F38D009155F8 /* Products */,
			);
			sourceTree = "<group>";
		};
		8DB008751DC0F38D009155F8 /* Products */ = {
			isa = PBXGroup;
			children = (
				8DB008741DC0F38D009155F8 /* DropDownMenuSwift2.app */,
				8DB008881DC0F38D009155F8 /* DropDownMenuSwift2Tests.xctest */,
				8DB008931DC0F38D009155F8 /* DropDownMenuSwift2UITests.xctest */,
			);
			name = Products;
			sourceTree = "<group>";
		};
		8DB008761DC0F38D009155F8 /* DropDownMenuSwift2 */ = {
			isa = PBXGroup;
			children = (
				8DB008771DC0F38D009155F8 /* AppDelegate.swift */,
				8DB008791DC0F38D009155F8 /* ViewController.swift */,
				8DB0087B1DC0F38D009155F8 /* Main.storyboard */,
				8DB0087E1DC0F38D009155F8 /* Assets.xcassets */,
				8DB008801DC0F38D009155F8 /* LaunchScreen.storyboard */,
				8DB008831DC0F38D009155F8 /* Info.plist */,
			);
			path = DropDownMenuSwift2;
			sourceTree = "<group>";
		};
		8DB0088B1DC0F38D009155F8 /* DropDownMenuSwift2Tests */ = {
			isa = PBXGroup;
			children = (
				8DB0088C1DC0F38D009155F8 /* DropDownMenuSwift2Tests.swift */,
				8DB0088E1DC0F38D009155F8 /* Info.plist */,
			);
			path = DropDownMenuSwift2Tests;
			sourceTree = "<group>";
		};
		8DB008961DC0F38D009155F8 /* DropDownMenuSwift2UITests */ = {
			isa = PBXGroup;
			children = (
				8DB008971DC0F38D009155F8 /* DropDownMenuSwift2UITests.swift */,
				8DB008991DC0F38D009155F8 /* Info.plist */,
			);
			path = DropDownMenuSwift2UITests;
			sourceTree = "<group>";
		};
/* End PBXGroup section */

/* Begin PBXNativeTarget section */
		8DB008731DC0F38D009155F8 /* DropDownMenuSwift2 */ = {
			isa = PBXNativeTarget;
			buildConfigurationList = 8DB0089C1DC0F38D009155F8 /* Build configuration list for PBXNativeTarget "DropDownMenuSwift2" */;
			buildPhases = (
				8DB008701DC0F38D009155F8 /* Sources */,
				8DB008711DC0F38D009155F8 /* Frameworks */,
				8DB008721DC0F38D009155F8 /* Resources */,
			);
			buildRules = (
			);
			dependencies = (
			);
			name = DropDownMenuSwift2;
			productName = DropDownMenuSwift2;
			productReference = 8DB008741DC0F38D009155F8 /* DropDownMenuSwift2.app */;
			productType = "com.apple.product-type.application";
		};
		8DB008871DC0F38D009155F8 /* DropDownMenuSwift2Tests */ = {
			isa = PBXNativeTarget;
			buildConfigurationList = 8DB0089F1DC0F38D009155F8 /* Build configuration list for PBXNativeTarget "DropDownMenuSwift2Tests" */;
			buildPhases = (
				8DB008841DC0F38D009155F8 /* Sources */,
				8DB008851DC0F38D009155F8 /* Frameworks */,
				8DB008861DC0F38D009155F8 /* Resources */,
			);
			buildRules = (
			);
			dependencies = (
				8DB0088A1DC0F38D009155F8 /* PBXTargetDependency */,
			);
			name = DropDownMenuSwift2Tests;
			productName = DropDownMenuSwift2Tests;
			productReference = 8DB008881DC0F38D009155F8 /* DropDownMenuSwift2Tests.xctest */;
			productType = "com.apple.product-type.bundle.unit-test";
		};
		8DB008921DC0F38D009155F8 /* DropDownMenuSwift2UITests */ = {
			isa = PBXNativeTarget;
			buildConfigurationList = 8DB008A21DC0F38D009155F8 /* Build configuration list for PBXNativeTarget "DropDownMenuSwift2UITests" */;
			buildPhases = (
				8DB0088F1DC0F38D009155F8 /* Sources */,
				8DB008901DC0F38D009155F8 /* Frameworks */,
				8DB008911DC0F38D009155F8 /* Resources */,
			);
			buildRules = (
			);
			dependencies = (
				8DB008951DC0F38D009155F8 /* PBXTargetDependency */,
			);
			name = DropDownMenuSwift2UITests;
			productName = DropDownMenuSwift2UITests;
			productReference = 8DB008931DC0F38D009155F8 /* DropDownMenuSwift2UITests.xctest */;
			productType = "com.apple.product-type.bundle.ui-testing";
		};
/* End PBXNativeTarget section */

/* Begin PBXProject section */
		8DB0086C1DC0F38D009155F8 /* Project object */ = {
			isa = PBXProject;
			attributes = {
				LastSwiftUpdateCheck = 0800;
				LastUpgradeCheck = 0800;
				ORGANIZATIONNAME = HackTech;
				TargetAttributes = {
					8DB008731DC0F38D009155F8 = {
						CreatedOnToolsVersion = 8.0;
						ProvisioningStyle = Automatic;
					};
					8DB008871DC0F38D009155F8 = {
						CreatedOnToolsVersion = 8.0;
						ProvisioningStyle = Automatic;
						TestTargetID = 8DB008731DC0F38D009155F8;
					};
					8DB008921DC0F38D009155F8 = {
						CreatedOnToolsVersion = 8.0;
						ProvisioningStyle = Automatic;
						TestTargetID = 8DB008731DC0F38D009155F8;
					};
				};
			};
			buildConfigurationList = 8DB0086F1DC0F38D009155F8 /* Build configuration list for PBXProject "DropDownMenuSwift2" */;
			compatibilityVersion = "Xcode 3.2";
			developmentRegion = English;
			hasScannedForEncodings = 0;
			knownRegions = (
				en,
				Base,
			);
			mainGroup = 8DB0086B1DC0F38D009155F8;
			productRefGroup = 8DB008751DC0F38D009155F8 /* Products */;
			projectDirPath = "";
			projectRoot = "";
			targets = (
				8DB008731DC0F38D009155F8 /* DropDownMenuSwift2 */,
				8DB008871DC0F38D009155F8 /* DropDownMenuSwift2Tests */,
				8DB008921DC0F38D009155F8 /* DropDownMenuSwift2UITests */,
			);
		};
/* End PBXProject section */

/* Begin PBXResourcesBuildPhase section */
		8DB008721DC0F38D009155F8 /* Resources */ = {
			isa = PBXResourcesBuildPhase;
			buildActionMask = 2147483647;
			files = (
				8DB008821DC0F38D009155F8 /* LaunchScreen.storyboard in Resources */,
				8DB0087F1DC0F38D009155F8 /* Assets.xcassets in Resources */,
				8DB0087D1DC0F38D009155F8 /* Main.storyboard in Resources */,
			);
			runOnlyForDeploymentPostprocessing = 0;
		};
		8DB008861DC0F38D009155F8 /* Resources */ = {
			isa = PBXResourcesBuildPhase;
			buildActionMask = 2147483647;
			files = (
			);
			runOnlyForDeploymentPostprocessing = 0;
		};
		8DB008911DC0F38D009155F8 /* Resources */ = {
			isa = PBXResourcesBuildPhase;
			buildActionMask = 2147483647;
			files = (
			);
			runOnlyForDeploymentPostprocessing = 0;
		};
/* End PBXResourcesBuildPhase section */

/* Begin PBXSourcesBuildPhase section */
		8DB008701DC0F38D009155F8 /* Sources */ = {
			isa = PBXSourcesBuildPhase;
			buildActionMask = 2147483647;
			files = (
				8DB0087A1DC0F38D009155F8 /* ViewController.swift in Sources */,
				8DB008781DC0F38D009155F8 /* AppDelegate.swift in Sources */,
			);
			runOnlyForDeploymentPostprocessing = 0;
		};
		8DB008841DC0F38D009155F8 /* Sources */ = {
			isa = PBXSourcesBuildPhase;
			buildActionMask = 2147483647;
			files = (
				8DB0088D1DC0F38D009155F8 /* DropDownMenuSwift2Tests.swift in Sources */,
			);
			runOnlyForDeploymentPostprocessing = 0;
		};
		8DB0088F1DC0F38D009155F8 /* Sources */ = {
			isa = PBXSourcesBuildPhase;
			buildActionMask = 2147483647;
			files = (
				8DB008981DC0F38D009155F8 /* DropDownMenuSwift2UITests.swift in Sources */,
			);
			runOnlyForDeploymentPostprocessing = 0;
		};
/* End PBXSourcesBuildPhase section */

/* Begin PBXTargetDependency section */
		8DB0088A1DC0F38D009155F8 /* PBXTargetDependency */ = {
			isa = PBXTargetDependency;
			target = 8DB008731DC0F38D009155F8 /* DropDownMenuSwift2 */;
			targetProxy = 8DB008891DC0F38D009155F8 /* PBXContainerItemProxy */;
		};
		8DB008951DC0F38D009155F8 /* PBXTargetDependency */ = {
			isa = PBXTargetDependency;
			target = 8DB008731DC0F38D009155F8 /* DropDownMenuSwift2 */;
			targetProxy = 8DB008941DC0F38D009155F8 /* PBXContainerItemProxy */;
		};
/* End PBXTargetDependency section */

/* Begin PBXVariantGroup section */
		8DB0087B1DC0F38D009155F8 /* Main.storyboard */ = {
			isa = PBXVariantGroup;
			children = (
				8DB0087C1DC0F38D009155F8 /* Base */,
			);
			name = Main.storyboard;
			sourceTree = "<group>";
		};
		8DB008801DC0F38D009155F8 /* LaunchScreen.storyboard */ = {
			isa = PBXVariantGroup;
			children = (
				8DB008811DC0F38D009155F8 /* Base */,
			);
			name = LaunchScreen.storyboard;
			sourceTree = "<group>";
		};
/* End PBXVariantGroup section */

/* Begin XCBuildConfiguration section */
		8DB0089A1DC0F38D009155F8 /* Debug */ = {
			isa = XCBuildConfiguration;
			buildSettings = {
				ALWAYS_SEARCH_USER_PATHS = NO;
				CLANG_ANALYZER_NONNULL = YES;
				CLANG_CXX_LANGUAGE_STANDARD = "gnu++0x";
				CLANG_CXX_LIBRARY = "libc++";
				CLANG_ENABLE_MODULES = YES;
				CLANG_ENABLE_OBJC_ARC = YES;
				CLANG_WARN_BOOL_CONVERSION = YES;
				CLANG_WARN_CONSTANT_CONVERSION = YES;
				CLANG_WARN_DIRECT_OBJC_ISA_USAGE = YES_ERROR;
				CLANG_WARN_DOCUMENTATION_COMMENTS = YES;
				CLANG_WARN_EMPTY_BODY = YES;
				CLANG_WARN_ENUM_CONVERSION = YES;
				CLANG_WARN_INFINITE_RECURSION = YES;
				CLANG_WARN_INT_CONVERSION = YES;
				CLANG_WARN_OBJC_ROOT_CLASS = YES_ERROR;
				CLANG_WARN_SUSPICIOUS_MOVES = YES;
				CLANG_WARN_UNREACHABLE_CODE = YES;
				CLANG_WARN__DUPLICATE_METHOD_MATCH = YES;
				"CODE_SIGN_IDENTITY[sdk=iphoneos*]" = "iPhone Developer";
				COPY_PHASE_STRIP = NO;
				DEBUG_INFORMATION_FORMAT = dwarf;
				ENABLE_STRICT_OBJC_MSGSEND = YES;
				ENABLE_TESTABILITY = YES;
				GCC_C_LANGUAGE_STANDARD = gnu99;
				GCC_DYNAMIC_NO_PIC = NO;
				GCC_NO_COMMON_BLOCKS = YES;
				GCC_OPTIMIZATION_LEVEL = 0;
				GCC_PREPROCESSOR_DEFINITIONS = (
					"DEBUG=1",
					"$(inherited)",
				);
				GCC_WARN_64_TO_32_BIT_CONVERSION = YES;
				GCC_WARN_ABOUT_RETURN_TYPE = YES_ERROR;
				GCC_WARN_UNDECLARED_SELECTOR = YES;
				GCC_WARN_UNINITIALIZED_AUTOS = YES_AGGRESSIVE;
				GCC_WARN_UNUSED_FUNCTION = YES;
				GCC_WARN_UNUSED_VARIABLE = YES;
				IPHONEOS_DEPLOYMENT_TARGET = 10.0;
				MTL_ENABLE_DEBUG_INFO = YES;
				ONLY_ACTIVE_ARCH = YES;
				SDKROOT = iphoneos;
				SWIFT_ACTIVE_COMPILATION_CONDITIONS = DEBUG;
				SWIFT_OPTIMIZATION_LEVEL = "-Onone";
				TARGETED_DEVICE_FAMILY = "1,2";
			};
			name = Debug;
		};
		8DB0089B1DC0F38D009155F8 /* Release */ = {
			isa = XCBuildConfiguration;
			buildSettings = {
				ALWAYS_SEARCH_USER_PATHS = NO;
				CLANG_ANALYZER_NONNULL = YES;
				CLANG_CXX_LANGUAGE_STANDARD = "gnu++0x";
				CLANG_CXX_LIBRARY = "libc++";
				CLANG_ENABLE_MODULES = YES;
				CLANG_ENABLE_OBJC_ARC = YES;
				CLANG_WARN_BOOL_CONVERSION = YES;
				CLANG_WARN_CONSTANT_CONVERSION = YES;
				CLANG_WARN_DIRECT_OBJC_ISA_USAGE = YES_ERROR;
				CLANG_WARN_DOCUMENTATION_COMMENTS = YES;
				CLANG_WARN_EMPTY_BODY = YES;
				CLANG_WARN_ENUM_CONVERSION = YES;
				CLANG_WARN_INFINITE_RECURSION = YES;
				CLANG_WARN_INT_CONVERSION = YES;
				CLANG_WARN_OBJC_ROOT_CLASS = YES_ERROR;
				CLANG_WARN_SUSPICIOUS_MOVES = YES;
				CLANG_WARN_UNREACHABLE_CODE = YES;
				CLANG_WARN__DUPLICATE_METHOD_MATCH = YES;
				"CODE_SIGN_IDENTITY[sdk=iphoneos*]" = "iPhone Developer";
				COPY_PHASE_STRIP = NO;
				DEBUG_INFORMATION_FORMAT = "dwarf-with-dsym";
				ENABLE_NS_ASSERTIONS = NO;
				ENABLE_STRICT_OBJC_MSGSEND = YES;
				GCC_C_LANGUAGE_STANDARD = gnu99;
				GCC_NO_COMMON_BLOCKS = YES;
				GCC_WARN_64_TO_32_BIT_CONVERSION = YES;
				GCC_WARN_ABOUT_RETURN_TYPE = YES_ERROR;
				GCC_WARN_UNDECLARED_SELECTOR = YES;
				GCC_WARN_UNINITIALIZED_AUTOS = YES_AGGRESSIVE;
				GCC_WARN_UNUSED_FUNCTION = YES;
				GCC_WARN_UNUSED_VARIABLE = YES;
				IPHONEOS_DEPLOYMENT_TARGET = 10.0;
				MTL_ENABLE_DEBUG_INFO = NO;
				SDKROOT = iphoneos;
				SWIFT_OPTIMIZATION_LEVEL = "-Owholemodule";
				TARGETED_DEVICE_FAMILY = "1,2";
				VALIDATE_PRODUCT = YES;
			};
			name = Release;
		};
		8DB0089D1DC0F38D009155F8 /* Debug */ = {
			isa = XCBuildConfiguration;
			buildSettings = {
				ASSETCATALOG_COMPILER_APPICON_NAME = AppIcon;
				INFOPLIST_FILE = DropDownMenuSwift2/Info.plist;
				LD_RUNPATH_SEARCH_PATHS = "$(inherited) @executable_path/Frameworks";
				PRODUCT_BUNDLE_IDENTIFIER = HackTech.DropDownMenuSwift2;
				PRODUCT_NAME = "$(TARGET_NAME)";
				SWIFT_VERSION = 3.0;
			};
			name = Debug;
		};
		8DB0089E1DC0F38D009155F8 /* Release */ = {
			isa = XCBuildConfiguration;
			buildSettings = {
				ASSETCATALOG_COMPILER_APPICON_NAME = AppIcon;
				INFOPLIST_FILE = DropDownMenuSwift2/Info.plist;
				LD_RUNPATH_SEARCH_PATHS = "$(inherited) @executable_path/Frameworks";
				PRODUCT_BUNDLE_IDENTIFIER = HackTech.DropDownMenuSwift2;
				PRODUCT_NAME = "$(TARGET_NAME)";
				SWIFT_VERSION = 3.0;
			};
			name = Release;
		};
		8DB008A01DC0F38D009155F8 /* Debug */ = {
			isa = XCBuildConfiguration;
			buildSettings = {
				ALWAYS_EMBED_SWIFT_STANDARD_LIBRARIES = YES;
				BUNDLE_LOADER = "$(TEST_HOST)";
				INFOPLIST_FILE = DropDownMenuSwift2Tests/Info.plist;
				LD_RUNPATH_SEARCH_PATHS = "$(inherited) @executable_path/Frameworks @loader_path/Frameworks";
				PRODUCT_BUNDLE_IDENTIFIER = HackTech.DropDownMenuSwift2Tests;
				PRODUCT_NAME = "$(TARGET_NAME)";
				SWIFT_VERSION = 3.0;
				TEST_HOST = "$(BUILT_PRODUCTS_DIR)/DropDownMenuSwift2.app/DropDownMenuSwift2";
			};
			name = Debug;
		};
		8DB008A11DC0F38D009155F8 /* Release */ = {
			isa = XCBuildConfiguration;
			buildSettings = {
				ALWAYS_EMBED_SWIFT_STANDARD_LIBRARIES = YES;
				BUNDLE_LOADER = "$(TEST_HOST)";
				INFOPLIST_FILE = DropDownMenuSwift2Tests/Info.plist;
				LD_RUNPATH_SEARCH_PATHS = "$(inherited) @executable_path/Frameworks @loader_path/Frameworks";
				PRODUCT_BUNDLE_IDENTIFIER = HackTech.DropDownMenuSwift2Tests;
				PRODUCT_NAME = "$(TARGET_NAME)";
				SWIFT_VERSION = 3.0;
				TEST_HOST = "$(BUILT_PRODUCTS_DIR)/DropDownMenuSwift2.app/DropDownMenuSwift2";
			};
			name = Release;
		};
		8DB008A31DC0F38D009155F8 /* Debug */ = {
			isa = XCBuildConfiguration;
			buildSettings = {
				ALWAYS_EMBED_SWIFT_STANDARD_LIBRARIES = YES;
				INFOPLIST_FILE = DropDownMenuSwift2UITests/Info.plist;
				LD_RUNPATH_SEARCH_PATHS = "$(inherited) @executable_path/Frameworks @loader_path/Frameworks";
				PRODUCT_BUNDLE_IDENTIFIER = HackTech.DropDownMenuSwift2UITests;
				PRODUCT_NAME = "$(TARGET_NAME)";
				SWIFT_VERSION = 3.0;
				TEST_TARGET_NAME = DropDownMenuSwift2;
			};
			name = Debug;
		};
		8DB008A41DC0F38D009155F8 /* Release */ = {
			isa = XCBuildConfiguration;
			buildSettings = {
				ALWAYS_EMBED_SWIFT_STANDARD_LIBRARIES = YES;
				INFOPLIST_FILE = DropDownMenuSwift2UITests/Info.plist;
				LD_RUNPATH_SEARCH_PATHS = "$(inherited) @executable_path/Frameworks @loader_path/Frameworks";
				PRODUCT_BUNDLE_IDENTIFIER = HackTech.DropDownMenuSwift2UITests;
				PRODUCT_NAME = "$(TARGET_NAME)";
				SWIFT_VERSION = 3.0;
				TEST_TARGET_NAME = DropDownMenuSwift2;
			};
			name = Release;
		};
/* End XCBuildConfiguration section */

/* Begin XCConfigurationList section */
		8DB0086F1DC0F38D009155F8 /* Build configuration list for PBXProject "DropDownMenuSwift2" */ = {
			isa = XCConfigurationList;
			buildConfigurations = (
				8DB0089A1DC0F38D009155F8 /* Debug */,
				8DB0089B1DC0F38D009155F8 /* Release */,
			);
			defaultConfigurationIsVisible = 0;
			defaultConfigurationName = Release;
		};
		8DB0089C1DC0F38D009155F8 /* Build configuration list for PBXNativeTarget "DropDownMenuSwift2" */ = {
			isa = XCConfigurationList;
			buildConfigurations = (
				8DB0089D1DC0F38D009155F8 /* Debug */,
				8DB0089E1DC0F38D009155F8 /* Release */,
			);
			defaultConfigurationIsVisible = 0;
		};
		8DB0089F1DC0F38D009155F8 /* Build configuration list for PBXNativeTarget "DropDownMenuSwift2Tests" */ = {
			isa = XCConfigurationList;
			buildConfigurations = (
				8DB008A01DC0F38D009155F8 /* Debug */,
				8DB008A11DC0F38D009155F8 /* Release */,
			);
			defaultConfigurationIsVisible = 0;
		};
		8DB008A21DC0F38D009155F8 /* Build configuration list for PBXNativeTarget "DropDownMenuSwift2UITests" */ = {
			isa = XCConfigurationList;
			buildConfigurations = (
				8DB008A31DC0F38D009155F8 /* Debug */,
				8DB008A41DC0F38D009155F8 /* Release */,
			);
			defaultConfigurationIsVisible = 0;
		};
/* End XCConfigurationList section */
	};
	rootObject = 8DB0086C1DC0F38D009155F8 /* Project object */;
}
